// !$*UTF8*$!
{
	archiveVersion = 1;
	classes = {
	};
	objectVersion = 55;
	objects = {

/* Begin PBXBuildFile section */
		ADF23EC1272D882700C85222 /* PatallaxZoomAnimationSwiftUIApp.swift in Sources */ = {isa = PBXBuildFile; fileRef = ADF23EC0272D882700C85222 /* PatallaxZoomAnimationSwiftUIApp.swift */; };
		ADF23EC3272D882700C85222 /* ContentView.swift in Sources */ = {isa = PBXBuildFile; fileRef = ADF23EC2272D882700C85222 /* ContentView.swift */; };
		ADF23EC5272D882B00C85222 /* Assets.xcassets in Resources */ = {isa = PBXBuildFile; fileRef = ADF23EC4272D882B00C85222 /* Assets.xcassets */; };
		ADF23EC8272D882B00C85222 /* Preview Assets.xcassets in Resources */ = {isa = PBXBuildFile; fileRef = ADF23EC7272D882B00C85222 /* Preview Assets.xcassets */; };
		ADF23ED2272D882C00C85222 /* PatallaxZoomAnimationSwiftUITests.swift in Sources */ = {isa = PBXBuildFile; fileRef = ADF23ED1272D882C00C85222 /* PatallaxZoomAnimationSwiftUITests.swift */; };
		ADF23EDC272D882C00C85222 /* PatallaxZoomAnimationSwiftUIUITests.swift in Sources */ = {isa = PBXBuildFile; fileRef = ADF23EDB272D882C00C85222 /* PatallaxZoomAnimationSwiftUIUITests.swift */; };
		ADF23EDE272D882C00C85222 /* PatallaxZoomAnimationSwiftUIUITestsLaunchTests.swift in Sources */ = {isa = PBXBuildFile; fileRef = ADF23EDD272D882C00C85222 /* PatallaxZoomAnimationSwiftUIUITestsLaunchTests.swift */; };
		ADF23EEB272DAD1400C85222 /* MainView.swift in Sources */ = {isa = PBXBuildFile; fileRef = ADF23EEA272DAD1400C85222 /* MainView.swift */; };
		ADF23EED272DB54400C85222 /* TitlesView.swift in Sources */ = {isa = PBXBuildFile; fileRef = ADF23EEC272DB54400C85222 /* TitlesView.swift */; };
		ADF23EF6272F051400C85222 /* WidgetKit.framework in Frameworks */ = {isa = PBXBuildFile; fileRef = ADF23EF5272F051400C85222 /* WidgetKit.framework */; };
		ADF23EF8272F051400C85222 /* SwiftUI.framework in Frameworks */ = {isa = PBXBuildFile; fileRef = ADF23EF7272F051400C85222 /* SwiftUI.framework */; };
		ADF23EFB272F051500C85222 /* NotFlix.swift in Sources */ = {isa = PBXBuildFile; fileRef = ADF23EFA272F051500C85222 /* NotFlix.swift */; };
		ADF23EFE272F051B00C85222 /* Assets.xcassets in Resources */ = {isa = PBXBuildFile; fileRef = ADF23EFD272F051B00C85222 /* Assets.xcassets */; };
		ADF23F00272F051B00C85222 /* NotFlix.intentdefinition in Sources */ = {isa = PBXBuildFile; fileRef = ADF23EFC272F051500C85222 /* NotFlix.intentdefinition */; };
		ADF23F01272F051B00C85222 /* NotFlix.intentdefinition in Sources */ = {isa = PBXBuildFile; fileRef = ADF23EFC272F051500C85222 /* NotFlix.intentdefinition */; };
		ADF23F04272F051B00C85222 /* NotFlixExtension.appex in Embed App Extensions */ = {isa = PBXBuildFile; fileRef = ADF23EF3272F051400C85222 /* NotFlixExtension.appex */; settings = {ATTRIBUTES = (RemoveHeadersOnCopy, ); }; };
		ADF23F09272F06FF00C85222 /* Assets.xcassets in Resources */ = {isa = PBXBuildFile; fileRef = ADF23EC4272D882B00C85222 /* Assets.xcassets */; };
/* End PBXBuildFile section */

/* Begin PBXContainerItemProxy section */
		ADF23ECE272D882C00C85222 /* PBXContainerItemProxy */ = {
			isa = PBXContainerItemProxy;
			containerPortal = ADF23EB5272D882700C85222 /* Project object */;
			proxyType = 1;
			remoteGlobalIDString = ADF23EBC272D882700C85222;
			remoteInfo = PatallaxZoomAnimationSwiftUI;
		};
		ADF23ED8272D882C00C85222 /* PBXContainerItemProxy */ = {
			isa = PBXContainerItemProxy;
			containerPortal = ADF23EB5272D882700C85222 /* Project object */;
			proxyType = 1;
			remoteGlobalIDString = ADF23EBC272D882700C85222;
			remoteInfo = PatallaxZoomAnimationSwiftUI;
		};
		ADF23F02272F051B00C85222 /* PBXContainerItemProxy */ = {
			isa = PBXContainerItemProxy;
			containerPortal = ADF23EB5272D882700C85222 /* Project object */;
			proxyType = 1;
			remoteGlobalIDString = ADF23EF2272F051400C85222;
			remoteInfo = NotFlixExtension;
		};
/* End PBXContainerItemProxy section */

/* Begin PBXCopyFilesBuildPhase section */
		ADF23F08272F051B00C85222 /* Embed App Extensions */ = {
			isa = PBXCopyFilesBuildPhase;
			buildActionMask = 2147483647;
			dstPath = "";
			dstSubfolderSpec = 13;
			files = (
				ADF23F04272F051B00C85222 /* NotFlixExtension.appex in Embed App Extensions */,
			);
			name = "Embed App Extensions";
			runOnlyForDeploymentPostprocessing = 0;
		};
/* End PBXCopyFilesBuildPhase section */

/* Begin PBXFileReference section */
		ADF23EBD272D882700C85222 /* PatallaxZoomAnimationSwiftUI.app */ = {isa = PBXFileReference; explicitFileType = wrapper.application; includeInIndex = 0; path = PatallaxZoomAnimationSwiftUI.app; sourceTree = BUILT_PRODUCTS_DIR; };
		ADF23EC0272D882700C85222 /* PatallaxZoomAnimationSwiftUIApp.swift */ = {isa = PBXFileReference; lastKnownFileType = sourcecode.swift; path = PatallaxZoomAnimationSwiftUIApp.swift; sourceTree = "<group>"; };
		ADF23EC2272D882700C85222 /* ContentView.swift */ = {isa = PBXFileReference; lastKnownFileType = sourcecode.swift; path = ContentView.swift; sourceTree = "<group>"; };
		ADF23EC4272D882B00C85222 /* Assets.xcassets */ = {isa = PBXFileReference; lastKnownFileType = folder.assetcatalog; path = Assets.xcassets; sourceTree = "<group>"; };
		ADF23EC7272D882B00C85222 /* Preview Assets.xcassets */ = {isa = PBXFileReference; lastKnownFileType = folder.assetcatalog; path = "Preview Assets.xcassets"; sourceTree = "<group>"; };
		ADF23ECD272D882C00C85222 /* PatallaxZoomAnimationSwiftUITests.xctest */ = {isa = PBXFileReference; explicitFileType = wrapper.cfbundle; includeInIndex = 0; path = PatallaxZoomAnimationSwiftUITests.xctest; sourceTree = BUILT_PRODUCTS_DIR; };
		ADF23ED1272D882C00C85222 /* PatallaxZoomAnimationSwiftUITests.swift */ = {isa = PBXFileReference; lastKnownFileType = sourcecode.swift; path = PatallaxZoomAnimationSwiftUITests.swift; sourceTree = "<group>"; };
		ADF23ED7272D882C00C85222 /* PatallaxZoomAnimationSwiftUIUITests.xctest */ = {isa = PBXFileReference; explicitFileType = wrapper.cfbundle; includeInIndex = 0; path = PatallaxZoomAnimationSwiftUIUITests.xctest; sourceTree = BUILT_PRODUCTS_DIR; };
		ADF23EDB272D882C00C85222 /* PatallaxZoomAnimationSwiftUIUITests.swift */ = {isa = PBXFileReference; lastKnownFileType = sourcecode.swift; path = PatallaxZoomAnimationSwiftUIUITests.swift; sourceTree = "<group>"; };
		ADF23EDD272D882C00C85222 /* PatallaxZoomAnimationSwiftUIUITestsLaunchTests.swift */ = {isa = PBXFileReference; lastKnownFileType = sourcecode.swift; path = PatallaxZoomAnimationSwiftUIUITestsLaunchTests.swift; sourceTree = "<group>"; };
		ADF23EEA272DAD1400C85222 /* MainView.swift */ = {isa = PBXFileReference; lastKnownFileType = sourcecode.swift; path = MainView.swift; sourceTree = "<group>"; };
		ADF23EEC272DB54400C85222 /* TitlesView.swift */ = {isa = PBXFileReference; lastKnownFileType = sourcecode.swift; path = TitlesView.swift; sourceTree = "<group>"; };
		ADF23EEE272F04AE00C85222 /* PatallaxZoomAnimationSwiftUI.entitlements */ = {isa = PBXFileReference; lastKnownFileType = text.plist.entitlements; path = PatallaxZoomAnimationSwiftUI.entitlements; sourceTree = "<group>"; };
		ADF23EF3272F051400C85222 /* NotFlixExtension.appex */ = {isa = PBXFileReference; explicitFileType = "wrapper.app-extension"; includeInIndex = 0; path = NotFlixExtension.appex; sourceTree = BUILT_PRODUCTS_DIR; };
		ADF23EF5272F051400C85222 /* WidgetKit.framework */ = {isa = PBXFileReference; lastKnownFileType = wrapper.framework; name = WidgetKit.framework; path = System/Library/Frameworks/WidgetKit.framework; sourceTree = SDKROOT; };
		ADF23EF7272F051400C85222 /* SwiftUI.framework */ = {isa = PBXFileReference; lastKnownFileType = wrapper.framework; name = SwiftUI.framework; path = System/Library/Frameworks/SwiftUI.framework; sourceTree = SDKROOT; };
		ADF23EFA272F051500C85222 /* NotFlix.swift */ = {isa = PBXFileReference; lastKnownFileType = sourcecode.swift; path = NotFlix.swift; sourceTree = "<group>"; };
		ADF23EFC272F051500C85222 /* NotFlix.intentdefinition */ = {isa = PBXFileReference; lastKnownFileType = file.intentdefinition; path = NotFlix.intentdefinition; sourceTree = "<group>"; };
		ADF23EFD272F051B00C85222 /* Assets.xcassets */ = {isa = PBXFileReference; lastKnownFileType = folder.assetcatalog; path = Assets.xcassets; sourceTree = "<group>"; };
		ADF23EFF272F051B00C85222 /* Info.plist */ = {isa = PBXFileReference; lastKnownFileType = text.plist.xml; path = Info.plist; sourceTree = "<group>"; };
		ADF23F0A272F073400C85222 /* NotFlixExtension.entitlements */ = {isa = PBXFileReference; lastKnownFileType = text.plist.entitlements; path = NotFlixExtension.entitlements; sourceTree = "<group>"; };
/* End PBXFileReference section */

/* Begin PBXFrameworksBuildPhase section */
		ADF23EBA272D882700C85222 /* Frameworks */ = {
			isa = PBXFrameworksBuildPhase;
			buildActionMask = 2147483647;
			files = (
			);
			runOnlyForDeploymentPostprocessing = 0;
		};
		ADF23ECA272D882C00C85222 /* Frameworks */ = {
			isa = PBXFrameworksBuildPhase;
			buildActionMask = 2147483647;
			files = (
			);
			runOnlyForDeploymentPostprocessing = 0;
		};
		ADF23ED4272D882C00C85222 /* Frameworks */ = {
			isa = PBXFrameworksBuildPhase;
			buildActionMask = 2147483647;
			files = (
			);
			runOnlyForDeploymentPostprocessing = 0;
		};
		ADF23EF0272F051400C85222 /* Frameworks */ = {
			isa = PBXFrameworksBuildPhase;
			buildActionMask = 2147483647;
			files = (
				ADF23EF8272F051400C85222 /* SwiftUI.framework in Frameworks */,
				ADF23EF6272F051400C85222 /* WidgetKit.framework in Frameworks */,
			);
			runOnlyForDeploymentPostprocessing = 0;
		};
/* End PBXFrameworksBuildPhase section */

/* Begin PBXGroup section */
		ADF23EB4272D882700C85222 = {
			isa = PBXGroup;
			children = (
				ADF23F0A272F073400C85222 /* NotFlixExtension.entitlements */,
				ADF23EBF272D882700C85222 /* PatallaxZoomAnimationSwiftUI */,
				ADF23ED0272D882C00C85222 /* PatallaxZoomAnimationSwiftUITests */,
				ADF23EDA272D882C00C85222 /* PatallaxZoomAnimationSwiftUIUITests */,
				ADF23EF9272F051500C85222 /* NotFlix */,
				ADF23EF4272F051400C85222 /* Frameworks */,
				ADF23EBE272D882700C85222 /* Products */,
			);
			sourceTree = "<group>";
		};
		ADF23EBE272D882700C85222 /* Products */ = {
			isa = PBXGroup;
			children = (
				ADF23EBD272D882700C85222 /* PatallaxZoomAnimationSwiftUI.app */,
				ADF23ECD272D882C00C85222 /* PatallaxZoomAnimationSwiftUITests.xctest */,
				ADF23ED7272D882C00C85222 /* PatallaxZoomAnimationSwiftUIUITests.xctest */,
				ADF23EF3272F051400C85222 /* NotFlixExtension.appex */,
			);
			name = Products;
			sourceTree = "<group>";
		};
		ADF23EBF272D882700C85222 /* PatallaxZoomAnimationSwiftUI */ = {
			isa = PBXGroup;
			children = (
				ADF23EEE272F04AE00C85222 /* PatallaxZoomAnimationSwiftUI.entitlements */,
				ADF23EC0272D882700C85222 /* PatallaxZoomAnimationSwiftUIApp.swift */,
				ADF23EC2272D882700C85222 /* ContentView.swift */,
				ADF23EEC272DB54400C85222 /* TitlesView.swift */,
				ADF23EEA272DAD1400C85222 /* MainView.swift */,
				ADF23EC4272D882B00C85222 /* Assets.xcassets */,
				ADF23EC6272D882B00C85222 /* Preview Content */,
			);
			path = PatallaxZoomAnimationSwiftUI;
			sourceTree = "<group>";
		};
		ADF23EC6272D882B00C85222 /* Preview Content */ = {
			isa = PBXGroup;
			children = (
				ADF23EC7272D882B00C85222 /* Preview Assets.xcassets */,
			);
			path = "Preview Content";
			sourceTree = "<group>";
		};
		ADF23ED0272D882C00C85222 /* PatallaxZoomAnimationSwiftUITests */ = {
			isa = PBXGroup;
			children = (
				ADF23ED1272D882C00C85222 /* PatallaxZoomAnimationSwiftUITests.swift */,
			);
			path = PatallaxZoomAnimationSwiftUITests;
			sourceTree = "<group>";
		};
		ADF23EDA272D882C00C85222 /* PatallaxZoomAnimationSwiftUIUITests */ = {
			isa = PBXGroup;
			children = (
				ADF23EDB272D882C00C85222 /* PatallaxZoomAnimationSwiftUIUITests.swift */,
				ADF23EDD272D882C00C85222 /* PatallaxZoomAnimationSwiftUIUITestsLaunchTests.swift */,
			);
			path = PatallaxZoomAnimationSwiftUIUITests;
			sourceTree = "<group>";
		};
		ADF23EF4272F051400C85222 /* Frameworks */ = {
			isa = PBXGroup;
			children = (
				ADF23EF5272F051400C85222 /* WidgetKit.framework */,
				ADF23EF7272F051400C85222 /* SwiftUI.framework */,
			);
			name = Frameworks;
			sourceTree = "<group>";
		};
		ADF23EF9272F051500C85222 /* NotFlix */ = {
			isa = PBXGroup;
			children = (
				ADF23EFA272F051500C85222 /* NotFlix.swift */,
				ADF23EFC272F051500C85222 /* NotFlix.intentdefinition */,
				ADF23EFD272F051B00C85222 /* Assets.xcassets */,
				ADF23EFF272F051B00C85222 /* Info.plist */,
			);
			path = NotFlix;
			sourceTree = "<group>";
		};
/* End PBXGroup section */

/* Begin PBXNativeTarget section */
		ADF23EBC272D882700C85222 /* PatallaxZoomAnimationSwiftUI */ = {
			isa = PBXNativeTarget;
			buildConfigurationList = ADF23EE1272D882C00C85222 /* Build configuration list for PBXNativeTarget "PatallaxZoomAnimationSwiftUI" */;
			buildPhases = (
				ADF23EB9272D882700C85222 /* Sources */,
				ADF23EBA272D882700C85222 /* Frameworks */,
				ADF23EBB272D882700C85222 /* Resources */,
				ADF23F08272F051B00C85222 /* Embed App Extensions */,
			);
			buildRules = (
			);
			dependencies = (
				ADF23F03272F051B00C85222 /* PBXTargetDependency */,
			);
			name = PatallaxZoomAnimationSwiftUI;
			productName = PatallaxZoomAnimationSwiftUI;
			productReference = ADF23EBD272D882700C85222 /* PatallaxZoomAnimationSwiftUI.app */;
			productType = "com.apple.product-type.application";
		};
		ADF23ECC272D882C00C85222 /* PatallaxZoomAnimationSwiftUITests */ = {
			isa = PBXNativeTarget;
			buildConfigurationList = ADF23EE4272D882C00C85222 /* Build configuration list for PBXNativeTarget "PatallaxZoomAnimationSwiftUITests" */;
			buildPhases = (
				ADF23EC9272D882C00C85222 /* Sources */,
				ADF23ECA272D882C00C85222 /* Frameworks */,
				ADF23ECB272D882C00C85222 /* Resources */,
			);
			buildRules = (
			);
			dependencies = (
				ADF23ECF272D882C00C85222 /* PBXTargetDependency */,
			);
			name = PatallaxZoomAnimationSwiftUITests;
			productName = PatallaxZoomAnimationSwiftUITests;
			productReference = ADF23ECD272D882C00C85222 /* PatallaxZoomAnimationSwiftUITests.xctest */;
			productType = "com.apple.product-type.bundle.unit-test";
		};
		ADF23ED6272D882C00C85222 /* PatallaxZoomAnimationSwiftUIUITests */ = {
			isa = PBXNativeTarget;
			buildConfigurationList = ADF23EE7272D882C00C85222 /* Build configuration list for PBXNativeTarget "PatallaxZoomAnimationSwiftUIUITests" */;
			buildPhases = (
				ADF23ED3272D882C00C85222 /* Sources */,
				ADF23ED4272D882C00C85222 /* Frameworks */,
				ADF23ED5272D882C00C85222 /* Resources */,
			);
			buildRules = (
			);
			dependencies = (
				ADF23ED9272D882C00C85222 /* PBXTargetDependency */,
			);
			name = PatallaxZoomAnimationSwiftUIUITests;
			productName = PatallaxZoomAnimationSwiftUIUITests;
			productReference = ADF23ED7272D882C00C85222 /* PatallaxZoomAnimationSwiftUIUITests.xctest */;
			productType = "com.apple.product-type.bundle.ui-testing";
		};
		ADF23EF2272F051400C85222 /* NotFlixExtension */ = {
			isa = PBXNativeTarget;
			buildConfigurationList = ADF23F05272F051B00C85222 /* Build configuration list for PBXNativeTarget "NotFlixExtension" */;
			buildPhases = (
				ADF23EEF272F051400C85222 /* Sources */,
				ADF23EF0272F051400C85222 /* Frameworks */,
				ADF23EF1272F051400C85222 /* Resources */,
			);
			buildRules = (
			);
			dependencies = (
			);
			name = NotFlixExtension;
			productName = NotFlixExtension;
			productReference = ADF23EF3272F051400C85222 /* NotFlixExtension.appex */;
			productType = "com.apple.product-type.app-extension";
		};
/* End PBXNativeTarget section */

/* Begin PBXProject section */
		ADF23EB5272D882700C85222 /* Project object */ = {
			isa = PBXProject;
			attributes = {
				BuildIndependentTargetsInParallel = 1;
				LastSwiftUpdateCheck = 1300;
				LastUpgradeCheck = 1300;
				TargetAttributes = {
					ADF23EBC272D882700C85222 = {
						CreatedOnToolsVersion = 13.0;
					};
					ADF23ECC272D882C00C85222 = {
						CreatedOnToolsVersion = 13.0;
						TestTargetID = ADF23EBC272D882700C85222;
					};
					ADF23ED6272D882C00C85222 = {
						CreatedOnToolsVersion = 13.0;
						TestTargetID = ADF23EBC272D882700C85222;
					};
					ADF23EF2272F051400C85222 = {
						CreatedOnToolsVersion = 13.0;
					};
				};
			};
			buildConfigurationList = ADF23EB8272D882700C85222 /* Build configuration list for PBXProject "PatallaxZoomAnimationSwiftUI" */;
			compatibilityVersion = "Xcode 13.0";
			developmentRegion = en;
			hasScannedForEncodings = 0;
			knownRegions = (
				en,
				Base,
			);
			mainGroup = ADF23EB4272D882700C85222;
			productRefGroup = ADF23EBE272D882700C85222 /* Products */;
			projectDirPath = "";
			projectRoot = "";
			targets = (
				ADF23EBC272D882700C85222 /* PatallaxZoomAnimationSwiftUI */,
				ADF23ECC272D882C00C85222 /* PatallaxZoomAnimationSwiftUITests */,
				ADF23ED6272D882C00C85222 /* PatallaxZoomAnimationSwiftUIUITests */,
				ADF23EF2272F051400C85222 /* NotFlixExtension */,
			);
		};
/* End PBXProject section */

/* Begin PBXResourcesBuildPhase section */
		ADF23EBB272D882700C85222 /* Resources */ = {
			isa = PBXResourcesBuildPhase;
			buildActionMask = 2147483647;
			files = (
				ADF23EC8272D882B00C85222 /* Preview Assets.xcassets in Resources */,
				ADF23EC5272D882B00C85222 /* Assets.xcassets in Resources */,
			);
			runOnlyForDeploymentPostprocessing = 0;
		};
		ADF23ECB272D882C00C85222 /* Resources */ = {
			isa = PBXResourcesBuildPhase;
			buildActionMask = 2147483647;
			files = (
			);
			runOnlyForDeploymentPostprocessing = 0;
		};
		ADF23ED5272D882C00C85222 /* Resources */ = {
			isa = PBXResourcesBuildPhase;
			buildActionMask = 2147483647;
			files = (
			);
			runOnlyForDeploymentPostprocessing = 0;
		};
		ADF23EF1272F051400C85222 /* Resources */ = {
			isa = PBXResourcesBuildPhase;
			buildActionMask = 2147483647;
			files = (
				ADF23F09272F06FF00C85222 /* Assets.xcassets in Resources */,
				ADF23EFE272F051B00C85222 /* Assets.xcassets in Resources */,
			);
			runOnlyForDeploymentPostprocessing = 0;
		};
/* End PBXResourcesBuildPhase section */

/* Begin PBXSourcesBuildPhase section */
		ADF23EB9272D882700C85222 /* Sources */ = {
			isa = PBXSourcesBuildPhase;
			buildActionMask = 2147483647;
			files = (
				ADF23EC3272D882700C85222 /* ContentView.swift in Sources */,
				ADF23EEB272DAD1400C85222 /* MainView.swift in Sources */,
				ADF23EC1272D882700C85222 /* PatallaxZoomAnimationSwiftUIApp.swift in Sources */,
				ADF23F01272F051B00C85222 /* NotFlix.intentdefinition in Sources */,
				ADF23EED272DB54400C85222 /* TitlesView.swift in Sources */,
			);
			runOnlyForDeploymentPostprocessing = 0;
		};
		ADF23EC9272D882C00C85222 /* Sources */ = {
			isa = PBXSourcesBuildPhase;
			buildActionMask = 2147483647;
			files = (
				ADF23ED2272D882C00C85222 /* PatallaxZoomAnimationSwiftUITests.swift in Sources */,
			);
			runOnlyForDeploymentPostprocessing = 0;
		};
		ADF23ED3272D882C00C85222 /* Sources */ = {
			isa = PBXSourcesBuildPhase;
			buildActionMask = 2147483647;
			files = (
				ADF23EDC272D882C00C85222 /* PatallaxZoomAnimationSwiftUIUITests.swift in Sources */,
				ADF23EDE272D882C00C85222 /* PatallaxZoomAnimationSwiftUIUITestsLaunchTests.swift in Sources */,
			);
			runOnlyForDeploymentPostprocessing = 0;
		};
		ADF23EEF272F051400C85222 /* Sources */ = {
			isa = PBXSourcesBuildPhase;
			buildActionMask = 2147483647;
			files = (
				ADF23EFB272F051500C85222 /* NotFlix.swift in Sources */,
				ADF23F00272F051B00C85222 /* NotFlix.intentdefinition in Sources */,
			);
			runOnlyForDeploymentPostprocessing = 0;
		};
/* End PBXSourcesBuildPhase section */

/* Begin PBXTargetDependency section */
		ADF23ECF272D882C00C85222 /* PBXTargetDependency */ = {
			isa = PBXTargetDependency;
			target = ADF23EBC272D882700C85222 /* PatallaxZoomAnimationSwiftUI */;
			targetProxy = ADF23ECE272D882C00C85222 /* PBXContainerItemProxy */;
		};
		ADF23ED9272D882C00C85222 /* PBXTargetDependency */ = {
			isa = PBXTargetDependency;
			target = ADF23EBC272D882700C85222 /* PatallaxZoomAnimationSwiftUI */;
			targetProxy = ADF23ED8272D882C00C85222 /* PBXContainerItemProxy */;
		};
		ADF23F03272F051B00C85222 /* PBXTargetDependency */ = {
			isa = PBXTargetDependency;
			target = ADF23EF2272F051400C85222 /* NotFlixExtension */;
			targetProxy = ADF23F02272F051B00C85222 /* PBXContainerItemProxy */;
		};
/* End PBXTargetDependency section */

/* Begin XCBuildConfiguration section */
		ADF23EDF272D882C00C85222 /* Debug */ = {
			isa = XCBuildConfiguration;
			buildSettings = {
				ALWAYS_SEARCH_USER_PATHS = NO;
				CLANG_ANALYZER_NONNULL = YES;
				CLANG_ANALYZER_NUMBER_OBJECT_CONVERSION = YES_AGGRESSIVE;
				CLANG_CXX_LANGUAGE_STANDARD = "gnu++17";
				CLANG_CXX_LIBRARY = "libc++";
				CLANG_ENABLE_MODULES = YES;
				CLANG_ENABLE_OBJC_ARC = YES;
				CLANG_ENABLE_OBJC_WEAK = YES;
				CLANG_WARN_BLOCK_CAPTURE_AUTORELEASING = YES;
				CLANG_WARN_BOOL_CONVERSION = YES;
				CLANG_WARN_COMMA = YES;
				CLANG_WARN_CONSTANT_CONVERSION = YES;
				CLANG_WARN_DEPRECATED_OBJC_IMPLEMENTATIONS = YES;
				CLANG_WARN_DIRECT_OBJC_ISA_USAGE = YES_ERROR;
				CLANG_WARN_DOCUMENTATION_COMMENTS = YES;
				CLANG_WARN_EMPTY_BODY = YES;
				CLANG_WARN_ENUM_CONVERSION = YES;
				CLANG_WARN_INFINITE_RECURSION = YES;
				CLANG_WARN_INT_CONVERSION = YES;
				CLANG_WARN_NON_LITERAL_NULL_CONVERSION = YES;
				CLANG_WARN_OBJC_IMPLICIT_RETAIN_SELF = YES;
				CLANG_WARN_OBJC_LITERAL_CONVERSION = YES;
				CLANG_WARN_OBJC_ROOT_CLASS = YES_ERROR;
				CLANG_WARN_QUOTED_INCLUDE_IN_FRAMEWORK_HEADER = YES;
				CLANG_WARN_RANGE_LOOP_ANALYSIS = YES;
				CLANG_WARN_STRICT_PROTOTYPES = YES;
				CLANG_WARN_SUSPICIOUS_MOVE = YES;
				CLANG_WARN_UNGUARDED_AVAILABILITY = YES_AGGRESSIVE;
				CLANG_WARN_UNREACHABLE_CODE = YES;
				CLANG_WARN__DUPLICATE_METHOD_MATCH = YES;
				COPY_PHASE_STRIP = NO;
				DEBUG_INFORMATION_FORMAT = dwarf;
				ENABLE_STRICT_OBJC_MSGSEND = YES;
				ENABLE_TESTABILITY = YES;
				GCC_C_LANGUAGE_STANDARD = gnu11;
				GCC_DYNAMIC_NO_PIC = NO;
				GCC_NO_COMMON_BLOCKS = YES;
				GCC_OPTIMIZATION_LEVEL = 0;
				GCC_PREPROCESSOR_DEFINITIONS = (
					"DEBUG=1",
					"$(inherited)",
				);
				GCC_WARN_64_TO_32_BIT_CONVERSION = YES;
				GCC_WARN_ABOUT_RETURN_TYPE = YES_ERROR;
				GCC_WARN_UNDECLARED_SELECTOR = YES;
				GCC_WARN_UNINITIALIZED_AUTOS = YES_AGGRESSIVE;
				GCC_WARN_UNUSED_FUNCTION = YES;
				GCC_WARN_UNUSED_VARIABLE = YES;
				IPHONEOS_DEPLOYMENT_TARGET = 15.0;
				MTL_ENABLE_DEBUG_INFO = INCLUDE_SOURCE;
				MTL_FAST_MATH = YES;
				ONLY_ACTIVE_ARCH = YES;
				SDKROOT = iphoneos;
				SWIFT_ACTIVE_COMPILATION_CONDITIONS = DEBUG;
				SWIFT_OPTIMIZATION_LEVEL = "-Onone";
			};
			name = Debug;
		};
		ADF23EE0272D882C00C85222 /* Release */ = {
			isa = XCBuildConfiguration;
			buildSettings = {
				ALWAYS_SEARCH_USER_PATHS = NO;
				CLANG_ANALYZER_NONNULL = YES;
				CLANG_ANALYZER_NUMBER_OBJECT_CONVERSION = YES_AGGRESSIVE;
				CLANG_CXX_LANGUAGE_STANDARD = "gnu++17";
				CLANG_CXX_LIBRARY = "libc++";
				CLANG_ENABLE_MODULES = YES;
				CLANG_ENABLE_OBJC_ARC = YES;
				CLANG_ENABLE_OBJC_WEAK = YES;
				CLANG_WARN_BLOCK_CAPTURE_AUTORELEASING = YES;
				CLANG_WARN_BOOL_CONVERSION = YES;
				CLANG_WARN_COMMA = YES;
				CLANG_WARN_CONSTANT_CONVERSION = YES;
				CLANG_WARN_DEPRECATED_OBJC_IMPLEMENTATIONS = YES;
				CLANG_WARN_DIRECT_OBJC_ISA_USAGE = YES_ERROR;
				CLANG_WARN_DOCUMENTATION_COMMENTS = YES;
				CLANG_WARN_EMPTY_BODY = YES;
				CLANG_WARN_ENUM_CONVERSION = YES;
				CLANG_WARN_INFINITE_RECURSION = YES;
				CLANG_WARN_INT_CONVERSION = YES;
				CLANG_WARN_NON_LITERAL_NULL_CONVERSION = YES;
				CLANG_WARN_OBJC_IMPLICIT_RETAIN_SELF = YES;
				CLANG_WARN_OBJC_LITERAL_CONVERSION = YES;
				CLANG_WARN_OBJC_ROOT_CLASS = YES_ERROR;
				CLANG_WARN_QUOTED_INCLUDE_IN_FRAMEWORK_HEADER = YES;
				CLANG_WARN_RANGE_LOOP_ANALYSIS = YES;
				CLANG_WARN_STRICT_PROTOTYPES = YES;
				CLANG_WARN_SUSPICIOUS_MOVE = YES;
				CLANG_WARN_UNGUARDED_AVAILABILITY = YES_AGGRESSIVE;
				CLANG_WARN_UNREACHABLE_CODE = YES;
				CLANG_WARN__DUPLICATE_METHOD_MATCH = YES;
				COPY_PHASE_STRIP = NO;
				DEBUG_INFORMATION_FORMAT = "dwarf-with-dsym";
				ENABLE_NS_ASSERTIONS = NO;
				ENABLE_STRICT_OBJC_MSGSEND = YES;
				GCC_C_LANGUAGE_STANDARD = gnu11;
				GCC_NO_COMMON_BLOCKS = YES;
				GCC_WARN_64_TO_32_BIT_CONVERSION = YES;
				GCC_WARN_ABOUT_RETURN_TYPE = YES_ERROR;
				GCC_WARN_UNDECLARED_SELECTOR = YES;
				GCC_WARN_UNINITIALIZED_AUTOS = YES_AGGRESSIVE;
				GCC_WARN_UNUSED_FUNCTION = YES;
				GCC_WARN_UNUSED_VARIABLE = YES;
				IPHONEOS_DEPLOYMENT_TARGET = 15.0;
				MTL_ENABLE_DEBUG_INFO = NO;
				MTL_FAST_MATH = YES;
				SDKROOT = iphoneos;
				SWIFT_COMPILATION_MODE = wholemodule;
				SWIFT_OPTIMIZATION_LEVEL = "-O";
				VALIDATE_PRODUCT = YES;
			};
			name = Release;
		};
		ADF23EE2272D882C00C85222 /* Debug */ = {
			isa = XCBuildConfiguration;
			buildSettings = {
				ALWAYS_EMBED_SWIFT_STANDARD_LIBRARIES = YES;
				ASSETCATALOG_COMPILER_APPICON_NAME = AppIcon;
				ASSETCATALOG_COMPILER_GLOBAL_ACCENT_COLOR_NAME = AccentColor;
				CODE_SIGN_ENTITLEMENTS = PatallaxZoomAnimationSwiftUI/PatallaxZoomAnimationSwiftUI.entitlements;
				CODE_SIGN_STYLE = Automatic;
				CURRENT_PROJECT_VERSION = 1;
				DEVELOPMENT_ASSET_PATHS = "\"PatallaxZoomAnimationSwiftUI/Preview Content\"";
				DEVELOPMENT_TEAM = 3NASZH28DK;
				ENABLE_PREVIEWS = YES;
				GENERATE_INFOPLIST_FILE = YES;
				INFOPLIST_KEY_UIApplicationSceneManifest_Generation = YES;
				INFOPLIST_KEY_UIApplicationSupportsIndirectInputEvents = YES;
				INFOPLIST_KEY_UILaunchScreen_Generation = YES;
				INFOPLIST_KEY_UISupportedInterfaceOrientations_iPad = "UIInterfaceOrientationPortrait UIInterfaceOrientationPortraitUpsideDown UIInterfaceOrientationLandscapeLeft UIInterfaceOrientationLandscapeRight";
				INFOPLIST_KEY_UISupportedInterfaceOrientations_iPhone = "UIInterfaceOrientationPortrait UIInterfaceOrientationLandscapeLeft UIInterfaceOrientationLandscapeRight";
				IPHONEOS_DEPLOYMENT_TARGET = 14.0;
				LD_RUNPATH_SEARCH_PATHS = (
					"$(inherited)",
					"@executable_path/Frameworks",
				);
				MARKETING_VERSION = 1.0;
				PRODUCT_BUNDLE_IDENTIFIER = clinton.PatallaxZoomAnimationSwiftUI;
				PRODUCT_NAME = "$(TARGET_NAME)";
				SWIFT_EMIT_LOC_STRINGS = YES;
				SWIFT_VERSION = 5.0;
				TARGETED_DEVICE_FAMILY = "1,2";
			};
			name = Debug;
		};
		ADF23EE3272D882C00C85222 /* Release */ = {
			isa = XCBuildConfiguration;
			buildSettings = {
				ALWAYS_EMBED_SWIFT_STANDARD_LIBRARIES = YES;
				ASSETCATALOG_COMPILER_APPICON_NAME = AppIcon;
				ASSETCATALOG_COMPILER_GLOBAL_ACCENT_COLOR_NAME = AccentColor;
				CODE_SIGN_ENTITLEMENTS = PatallaxZoomAnimationSwiftUI/PatallaxZoomAnimationSwiftUI.entitlements;
				CODE_SIGN_STYLE = Automatic;
				CURRENT_PROJECT_VERSION = 1;
				DEVELOPMENT_ASSET_PATHS = "\"PatallaxZoomAnimationSwiftUI/Preview Content\"";
				DEVELOPMENT_TEAM = 3NASZH28DK;
				ENABLE_PREVIEWS = YES;
				GENERATE_INFOPLIST_FILE = YES;
				INFOPLIST_KEY_UIApplicationSceneManifest_Generation = YES;
				INFOPLIST_KEY_UIApplicationSupportsIndirectInputEvents = YES;
				INFOPLIST_KEY_UILaunchScreen_Generation = YES;
				INFOPLIST_KEY_UISupportedInterfaceOrientations_iPad = "UIInterfaceOrientationPortrait UIInterfaceOrientationPortraitUpsideDown UIInterfaceOrientationLandscapeLeft UIInterfaceOrientationLandscapeRight";
				INFOPLIST_KEY_UISupportedInterfaceOrientations_iPhone = "UIInterfaceOrientationPortrait UIInterfaceOrientationLandscapeLeft UIInterfaceOrientationLandscapeRight";
				IPHONEOS_DEPLOYMENT_TARGET = 14.0;
				LD_RUNPATH_SEARCH_PATHS = (
					"$(inherited)",
					"@executable_path/Frameworks",
				);
				MARKETING_VERSION = 1.0;
				PRODUCT_BUNDLE_IDENTIFIER = clinton.PatallaxZoomAnimationSwiftUI;
				PRODUCT_NAME = "$(TARGET_NAME)";
				SWIFT_EMIT_LOC_STRINGS = YES;
				SWIFT_VERSION = 5.0;
				TARGETED_DEVICE_FAMILY = "1,2";
			};
			name = Release;
		};
		ADF23EE5272D882C00C85222 /* Debug */ = {
			isa = XCBuildConfiguration;
			buildSettings = {
				ALWAYS_EMBED_SWIFT_STANDARD_LIBRARIES = YES;
				BUNDLE_LOADER = "$(TEST_HOST)";
				CODE_SIGN_STYLE = Automatic;
				CURRENT_PROJECT_VERSION = 1;
				DEVELOPMENT_TEAM = 3NASZH28DK;
				GENERATE_INFOPLIST_FILE = YES;
				IPHONEOS_DEPLOYMENT_TARGET = 14.0;
				LD_RUNPATH_SEARCH_PATHS = (
					"$(inherited)",
					"@executable_path/Frameworks",
					"@loader_path/Frameworks",
				);
				MARKETING_VERSION = 1.0;
				PRODUCT_BUNDLE_IDENTIFIER = clinton.PatallaxZoomAnimationSwiftUITests;
				PRODUCT_NAME = "$(TARGET_NAME)";
				SWIFT_EMIT_LOC_STRINGS = NO;
				SWIFT_VERSION = 5.0;
				TARGETED_DEVICE_FAMILY = "1,2";
				TEST_HOST = "$(BUILT_PRODUCTS_DIR)/PatallaxZoomAnimationSwiftUI.app/PatallaxZoomAnimationSwiftUI";
			};
			name = Debug;
		};
		ADF23EE6272D882C00C85222 /* Release */ = {
			isa = XCBuildConfiguration;
			buildSettings = {
				ALWAYS_EMBED_SWIFT_STANDARD_LIBRARIES = YES;
				BUNDLE_LOADER = "$(TEST_HOST)";
				CODE_SIGN_STYLE = Automatic;
				CURRENT_PROJECT_VERSION = 1;
				DEVELOPMENT_TEAM = 3NASZH28DK;
				GENERATE_INFOPLIST_FILE = YES;
				IPHONEOS_DEPLOYMENT_TARGET = 14.0;
				LD_RUNPATH_SEARCH_PATHS = (
					"$(inherited)",
					"@executable_path/Frameworks",
					"@loader_path/Frameworks",
				);
				MARKETING_VERSION = 1.0;
				PRODUCT_BUNDLE_IDENTIFIER = clinton.PatallaxZoomAnimationSwiftUITests;
				PRODUCT_NAME = "$(TARGET_NAME)";
				SWIFT_EMIT_LOC_STRINGS = NO;
				SWIFT_VERSION = 5.0;
				TARGETED_DEVICE_FAMILY = "1,2";
				TEST_HOST = "$(BUILT_PRODUCTS_DIR)/PatallaxZoomAnimationSwiftUI.app/PatallaxZoomAnimationSwiftUI";
			};
			name = Release;
		};
		ADF23EE8272D882C00C85222 /* Debug */ = {
			isa = XCBuildConfiguration;
			buildSettings = {
				ALWAYS_EMBED_SWIFT_STANDARD_LIBRARIES = YES;
				CODE_SIGN_STYLE = Automatic;
				CURRENT_PROJECT_VERSION = 1;
				DEVELOPMENT_TEAM = 3NASZH28DK;
				GENERATE_INFOPLIST_FILE = YES;
				LD_RUNPATH_SEARCH_PATHS = (
					"$(inherited)",
					"@executable_path/Frameworks",
					"@loader_path/Frameworks",
				);
				MARKETING_VERSION = 1.0;
				PRODUCT_BUNDLE_IDENTIFIER = clinton.PatallaxZoomAnimationSwiftUIUITests;
				PRODUCT_NAME = "$(TARGET_NAME)";
				SWIFT_EMIT_LOC_STRINGS = NO;
				SWIFT_VERSION = 5.0;
				TARGETED_DEVICE_FAMILY = "1,2";
				TEST_TARGET_NAME = PatallaxZoomAnimationSwiftUI;
			};
			name = Debug;
		};
		ADF23EE9272D882C00C85222 /* Release */ = {
			isa = XCBuildConfiguration;
			buildSettings = {
				ALWAYS_EMBED_SWIFT_STANDARD_LIBRARIES = YES;
				CODE_SIGN_STYLE = Automatic;
				CURRENT_PROJECT_VERSION = 1;
				DEVELOPMENT_TEAM = 3NASZH28DK;
				GENERATE_INFOPLIST_FILE = YES;
				LD_RUNPATH_SEARCH_PATHS = (
					"$(inherited)",
					"@executable_path/Frameworks",
					"@loader_path/Frameworks",
				);
				MARKETING_VERSION = 1.0;
				PRODUCT_BUNDLE_IDENTIFIER = clinton.PatallaxZoomAnimationSwiftUIUITests;
				PRODUCT_NAME = "$(TARGET_NAME)";
				SWIFT_EMIT_LOC_STRINGS = NO;
				SWIFT_VERSION = 5.0;
				TARGETED_DEVICE_FAMILY = "1,2";
				TEST_TARGET_NAME = PatallaxZoomAnimationSwiftUI;
			};
			name = Release;
		};
		ADF23F06272F051B00C85222 /* Debug */ = {
			isa = XCBuildConfiguration;
			buildSettings = {
				ASSETCATALOG_COMPILER_GLOBAL_ACCENT_COLOR_NAME = AccentColor;
				ASSETCATALOG_COMPILER_WIDGET_BACKGROUND_COLOR_NAME = WidgetBackground;
				CODE_SIGN_ENTITLEMENTS = NotFlixExtension.entitlements;
				CODE_SIGN_STYLE = Automatic;
				CURRENT_PROJECT_VERSION = 1;
				DEVELOPMENT_TEAM = 3NASZH28DK;
				GENERATE_INFOPLIST_FILE = YES;
				INFOPLIST_FILE = NotFlix/Info.plist;
				INFOPLIST_KEY_CFBundleDisplayName = NotFlix;
				INFOPLIST_KEY_NSHumanReadableCopyright = "";
				LD_RUNPATH_SEARCH_PATHS = (
					"$(inherited)",
					"@executable_path/Frameworks",
					"@executable_path/../../Frameworks",
				);
				MARKETING_VERSION = 1.0;
				PRODUCT_BUNDLE_IDENTIFIER = clinton.PatallaxZoomAnimationSwiftUI.NotFlix;
				PRODUCT_NAME = "$(TARGET_NAME)";
				SKIP_INSTALL = YES;
				SWIFT_EMIT_LOC_STRINGS = YES;
				SWIFT_VERSION = 5.0;
				TARGETED_DEVICE_FAMILY = "1,2";
			};
			name = Debug;
		};
		ADF23F07272F051B00C85222 /* Release */ = {
			isa = XCBuildConfiguration;
			buildSettings = {
				ASSETCATALOG_COMPILER_GLOBAL_ACCENT_COLOR_NAME = AccentColor;
				ASSETCATALOG_COMPILER_WIDGET_BACKGROUND_COLOR_NAME = WidgetBackground;
				CODE_SIGN_ENTITLEMENTS = NotFlixExtension.entitlements;
				CODE_SIGN_STYLE = Automatic;
				CURRENT_PROJECT_VERSION = 1;
				DEVELOPMENT_TEAM = 3NASZH28DK;
				GENERATE_INFOPLIST_FILE = YES;
				INFOPLIST_FILE = NotFlix/Info.plist;
				INFOPLIST_KEY_CFBundleDisplayName = NotFlix;
				INFOPLIST_KEY_NSHumanReadableCopyright = "";
				LD_RUNPATH_SEARCH_PATHS = (
					"$(inherited)",
					"@executable_path/Frameworks",
					"@executable_path/../../Frameworks",
				);
				MARKETING_VERSION = 1.0;
				PRODUCT_BUNDLE_IDENTIFIER = clinton.PatallaxZoomAnimationSwiftUI.NotFlix;
				PRODUCT_NAME = "$(TARGET_NAME)";
				SKIP_INSTALL = YES;
				SWIFT_EMIT_LOC_STRINGS = YES;
				SWIFT_VERSION = 5.0;
				TARGETED_DEVICE_FAMILY = "1,2";
			};
			name = Release;
		};
/* End XCBuildConfiguration section */

/* Begin XCConfigurationList section */
		ADF23EB8272D882700C85222 /* Build configuration list for PBXProject "PatallaxZoomAnimationSwiftUI" */ = {
			isa = XCConfigurationList;
			buildConfigurations = (
				ADF23EDF272D882C00C85222 /* Debug */,
				ADF23EE0272D882C00C85222 /* Release */,
			);
			defaultConfigurationIsVisible = 0;
			defaultConfigurationName = Release;
		};
		ADF23EE1272D882C00C85222 /* Build configuration list for PBXNativeTarget "PatallaxZoomAnimationSwiftUI" */ = {
			isa = XCConfigurationList;
			buildConfigurations = (
				ADF23EE2272D882C00C85222 /* Debug */,
				ADF23EE3272D882C00C85222 /* Release */,
			);
			defaultConfigurationIsVisible = 0;
			defaultConfigurationName = Release;
		};
		ADF23EE4272D882C00C85222 /* Build configuration list for PBXNativeTarget "PatallaxZoomAnimationSwiftUITests" */ = {
			isa = XCConfigurationList;
			buildConfigurations = (
				ADF23EE5272D882C00C85222 /* Debug */,
				ADF23EE6272D882C00C85222 /* Release */,
			);
			defaultConfigurationIsVisible = 0;
			defaultConfigurationName = Release;
		};
		ADF23EE7272D882C00C85222 /* Build configuration list for PBXNativeTarget "PatallaxZoomAnimationSwiftUIUITests" */ = {
			isa = XCConfigurationList;
			buildConfigurations = (
				ADF23EE8272D882C00C85222 /* Debug */,
				ADF23EE9272D882C00C85222 /* Release */,
			);
			defaultConfigurationIsVisible = 0;
			defaultConfigurationName = Release;
		};
		ADF23F05272F051B00C85222 /* Build configuration list for PBXNativeTarget "NotFlixExtension" */ = {
			isa = XCConfigurationList;
			buildConfigurations = (
				ADF23F06272F051B00C85222 /* Debug */,
				ADF23F07272F051B00C85222 /* Release */,
			);
			defaultConfigurationIsVisible = 0;
			defaultConfigurationName = Release;
		};
/* End XCConfigurationList section */
	};
	rootObject = ADF23EB5272D882700C85222 /* Project object */;
}
